// !$*UTF8*$!
{
	archiveVersion = 1;
	classes = {
	};
	objectVersion = 46;
	objects = {

/* Begin PBXBuildFile section */
		A14989941B564DEA006226BC /* main.m in Sources */ = {isa = PBXBuildFile; fileRef = A14989931B564DEA006226BC /* main.m */; };
		A14989971B564DEA006226BC /* AppDelegate.m in Sources */ = {isa = PBXBuildFile; fileRef = A14989961B564DEA006226BC /* AppDelegate.m */; };
		A149899A1B564DEA006226BC /* ViewController.m in Sources */ = {isa = PBXBuildFile; fileRef = A14989991B564DEA006226BC /* ViewController.m */; };
		A149899D1B564DEA006226BC /* Main.storyboard in Resources */ = {isa = PBXBuildFile; fileRef = A149899B1B564DEA006226BC /* Main.storyboard */; };
		A149899F1B564DEA006226BC /* Images.xcassets in Resources */ = {isa = PBXBuildFile; fileRef = A149899E1B564DEA006226BC /* Images.xcassets */; };
		A14989A21B564DEA006226BC /* LaunchScreen.xib in Resources */ = {isa = PBXBuildFile; fileRef = A14989A01B564DEA006226BC /* LaunchScreen.xib */; };
		A14989AE1B564DEA006226BC /* testTests.m in Sources */ = {isa = PBXBuildFile; fileRef = A14989AD1B564DEA006226BC /* testTests.m */; };
/* End PBXBuildFile section */

/* Begin PBXContainerItemProxy section */
		A14989A81B564DEA006226BC /* PBXContainerItemProxy */ = {
			isa = PBXContainerItemProxy;
			containerPortal = A14989861B564DEA006226BC /* Project object */;
			proxyType = 1;
			remoteGlobalIDString = A149898D1B564DEA006226BC;
			remoteInfo = test;
		};
/* End PBXContainerItemProxy section */

/* Begin PBXFileReference section */
		A149898E1B564DEA006226BC /* test.app */ = {isa = PBXFileReference; explicitFileType = wrapper.application; includeInIndex = 0; path = test.app; sourceTree = BUILT_PRODUCTS_DIR; };
		A14989921B564DEA006226BC /* Info.plist */ = {isa = PBXFileReference; lastKnownFileType = text.plist.xml; path = Info.plist; sourceTree = "<group>"; };
		A14989931B564DEA006226BC /* main.m */ = {isa = PBXFileReference; lastKnownFileType = sourcecode.c.objc; path = main.m; sourceTree = "<group>"; };
		A14989951B564DEA006226BC /* AppDelegate.h */ = {isa = PBXFileReference; lastKnownFileType = sourcecode.c.h; path = AppDelegate.h; sourceTree = "<group>"; };
		A14989961B564DEA006226BC /* AppDelegate.m */ = {isa = PBXFileReference; lastKnownFileType = sourcecode.c.objc; path = AppDelegate.m; sourceTree = "<group>"; };
		A14989981B564DEA006226BC /* ViewController.h */ = {isa = PBXFileReference; lastKnownFileType = sourcecode.c.h; path = ViewController.h; sourceTree = "<group>"; };
		A14989991B564DEA006226BC /* ViewController.m */ = {isa = PBXFileReference; lastKnownFileType = sourcecode.c.objc; path = ViewController.m; sourceTree = "<group>"; };
		A149899C1B564DEA006226BC /* Base */ = {isa = PBXFileReference; lastKnownFileType = file.storyboard; name = Base; path = Base.lproj/Main.storyboard; sourceTree = "<group>"; };
		A149899E1B564DEA006226BC /* Images.xcassets */ = {isa = PBXFileReference; lastKnownFileType = folder.assetcatalog; path = Images.xcassets; sourceTree = "<group>"; };
		A14989A11B564DEA006226BC /* Base */ = {isa = PBXFileReference; lastKnownFileType = file.xib; name = Base; path = Base.lproj/LaunchScreen.xib; sourceTree = "<group>"; };
		A14989A71B564DEA006226BC /* testTests.xctest */ = {isa = PBXFileReference; explicitFileType = wrapper.cfbundle; includeInIndex = 0; path = testTests.xctest; sourceTree = BUILT_PRODUCTS_DIR; };
		A14989AC1B564DEA006226BC /* Info.plist */ = {isa = PBXFileReference; lastKnownFileType = text.plist.xml; path = Info.plist; sourceTree = "<group>"; };
		A14989AD1B564DEA006226BC /* testTests.m */ = {isa = PBXFileReference; lastKnownFileType = sourcecode.c.objc; path = testTests.m; sourceTree = "<group>"; };
/* End PBXFileReference section */

/* Begin PBXFrameworksBuildPhase section */
		A149898B1B564DEA006226BC /* Frameworks */ = {
			isa = PBXFrameworksBuildPhase;
			buildActionMask = 2147483647;
			files = (
			);
			runOnlyForDeploymentPostprocessing = 0;
		};
		A14989A41B564DEA006226BC /* Frameworks */ = {
			isa = PBXFrameworksBuildPhase;
			buildActionMask = 2147483647;
			files = (
			);
			runOnlyForDeploymentPostprocessing = 0;
		};
/* End PBXFrameworksBuildPhase section */

/* Begin PBXGroup section */
		A14989851B564DEA006226BC = {
			isa = PBXGroup;
			children = (
				A14989901B564DEA006226BC /* test */,
				A14989AA1B564DEA006226BC /* testTests */,
				A149898F1B564DEA006226BC /* Products */,
			);
			sourceTree = "<group>";
		};
		A149898F1B564DEA006226BC /* Products */ = {
			isa = PBXGroup;
			children = (
				A149898E1B564DEA006226BC /* test.app */,
				A14989A71B564DEA006226BC /* testTests.xctest */,
			);
			name = Products;
			sourceTree = "<group>";
		};
		A14989901B564DEA006226BC /* test */ = {
			isa = PBXGroup;
			children = (
				A14989951B564DEA006226BC /* AppDelegate.h */,
				A14989961B564DEA006226BC /* AppDelegate.m */,
				A14989981B564DEA006226BC /* ViewController.h */,
				A14989991B564DEA006226BC /* ViewController.m */,
				A149899B1B564DEA006226BC /* Main.storyboard */,
				A149899E1B564DEA006226BC /* Images.xcassets */,
				A14989A01B564DEA006226BC /* LaunchScreen.xib */,
				A14989911B564DEA006226BC /* Supporting Files */,
			);
			path = test;
			sourceTree = "<group>";
		};
		A14989911B564DEA006226BC /* Supporting Files */ = {
			isa = PBXGroup;
			children = (
				A14989921B564DEA006226BC /* Info.plist */,
				A14989931B564DEA006226BC /* main.m */,
			);
			name = "Supporting Files";
			sourceTree = "<group>";
		};
		A14989AA1B564DEA006226BC /* testTests */ = {
			isa = PBXGroup;
			children = (
				A14989AD1B564DEA006226BC /* testTests.m */,
				A14989AB1B564DEA006226BC /* Supporting Files */,
			);
			path = testTests;
			sourceTree = "<group>";
		};
		A14989AB1B564DEA006226BC /* Supporting Files */ = {
			isa = PBXGroup;
			children = (
				A14989AC1B564DEA006226BC /* Info.plist */,
			);
			name = "Supporting Files";
			sourceTree = "<group>";
		};
/* End PBXGroup section */

/* Begin PBXNativeTarget section */
		A149898D1B564DEA006226BC /* test */ = {
			isa = PBXNativeTarget;
			buildConfigurationList = A14989B11B564DEA006226BC /* Build configuration list for PBXNativeTarget "test" */;
			buildPhases = (
				A149898A1B564DEA006226BC /* Sources */,
				A149898B1B564DEA006226BC /* Frameworks */,
				A149898C1B564DEA006226BC /* Resources */,
			);
			buildRules = (
			);
			dependencies = (
			);
			name = test;
			productName = test;
			productReference = A149898E1B564DEA006226BC /* test.app */;
			productType = "com.apple.product-type.application";
		};
		A14989A61B564DEA006226BC /* testTests */ = {
			isa = PBXNativeTarget;
			buildConfigurationList = A14989B41B564DEA006226BC /* Build configuration list for PBXNativeTarget "testTests" */;
			buildPhases = (
				A14989A31B564DEA006226BC /* Sources */,
				A14989A41B564DEA006226BC /* Frameworks */,
				A14989A51B564DEA006226BC /* Resources */,
			);
			buildRules = (
			);
			dependencies = (
				A14989A91B564DEA006226BC /* PBXTargetDependency */,
			);
			name = testTests;
			productName = testTests;
			productReference = A14989A71B564DEA006226BC /* testTests.xctest */;
			productType = "com.apple.product-type.bundle.unit-test";
		};
/* End PBXNativeTarget section */

/* Begin PBXProject section */
		A14989861B564DEA006226BC /* Project object */ = {
			isa = PBXProject;
			attributes = {
				LastUpgradeCheck = 0640;
				ORGANIZATIONNAME = touwho;
				TargetAttributes = {
					A149898D1B564DEA006226BC = {
						CreatedOnToolsVersion = 6.4;
					};
					A14989A61B564DEA006226BC = {
						CreatedOnToolsVersion = 6.4;
						TestTargetID = A149898D1B564DEA006226BC;
					};
				};
			};
			buildConfigurationList = A14989891B564DEA006226BC /* Build configuration list for PBXProject "test" */;
			compatibilityVersion = "Xcode 3.2";
			developmentRegion = English;
			hasScannedForEncodings = 0;
			knownRegions = (
				en,
				Base,
			);
			mainGroup = A14989851B564DEA006226BC;
			productRefGroup = A149898F1B564DEA006226BC /* Products */;
			projectDirPath = "";
			projectRoot = "";
			targets = (
				A149898D1B564DEA006226BC /* test */,
				A14989A61B564DEA006226BC /* testTests */,
			);
		};
/* End PBXProject section */

/* Begin PBXResourcesBuildPhase section */
		A149898C1B564DEA006226BC /* Resources */ = {
			isa = PBXResourcesBuildPhase;
			buildActionMask = 2147483647;
			files = (
				A149899D1B564DEA006226BC /* Main.storyboard in Resources */,
				A14989A21B564DEA006226BC /* LaunchScreen.xib in Resources */,
				A149899F1B564DEA006226BC /* Images.xcassets in Resources */,
			);
			runOnlyForDeploymentPostprocessing = 0;
		};
		A14989A51B564DEA006226BC /* Resources */ = {
			isa = PBXResourcesBuildPhase;
			buildActionMask = 2147483647;
			files = (
			);
			runOnlyForDeploymentPostprocessing = 0;
		};
/* End PBXResourcesBuildPhase section */

/* Begin PBXSourcesBuildPhase section */
		A149898A1B564DEA006226BC /* Sources */ = {
			isa = PBXSourcesBuildPhase;
			buildActionMask = 2147483647;
			files = (
				A149899A1B564DEA006226BC /* ViewController.m in Sources */,
				A14989971B564DEA006226BC /* AppDelegate.m in Sources */,
				A14989941B564DEA006226BC /* main.m in Sources */,
			);
			runOnlyForDeploymentPostprocessing = 0;
		};
		A14989A31B564DEA006226BC /* Sources */ = {
			isa = PBXSourcesBuildPhase;
			buildActionMask = 2147483647;
			files = (
				A14989AE1B564DEA006226BC /* testTests.m in Sources */,
			);
			runOnlyForDeploymentPostprocessing = 0;
		};
/* End PBXSourcesBuildPhase section */

/* Begin PBXTargetDependency section */
		A14989A91B564DEA006226BC /* PBXTargetDependency */ = {
			isa = PBXTargetDependency;
			target = A149898D1B564DEA006226BC /* test */;
			targetProxy = A14989A81B564DEA006226BC /* PBXContainerItemProxy */;
		};
/* End PBXTargetDependency section */

/* Begin PBXVariantGroup section */
		A149899B1B564DEA006226BC /* Main.storyboard */ = {
			isa = PBXVariantGroup;
			children = (
				A149899C1B564DEA006226BC /* Base */,
			);
			name = Main.storyboard;
			sourceTree = "<group>";
		};
		A14989A01B564DEA006226BC /* LaunchScreen.xib */ = {
			isa = PBXVariantGroup;
			children = (
				A14989A11B564DEA006226BC /* Base */,
			);
			name = LaunchScreen.xib;
			sourceTree = "<group>";
		};
/* End PBXVariantGroup section */

/* Begin XCBuildConfiguration section */
		A14989AF1B564DEA006226BC /* Debug */ = {
			isa = XCBuildConfiguration;
			buildSettings = {
				ALWAYS_SEARCH_USER_PATHS = NO;
				CLANG_CXX_LANGUAGE_STANDARD = "gnu++0x";
				CLANG_CXX_LIBRARY = "libc++";
				CLANG_ENABLE_MODULES = YES;
				CLANG_ENABLE_OBJC_ARC = YES;
				CLANG_WARN_BOOL_CONVERSION = YES;
				CLANG_WARN_CONSTANT_CONVERSION = YES;
				CLANG_WARN_DIRECT_OBJC_ISA_USAGE = YES_ERROR;
				CLANG_WARN_EMPTY_BODY = YES;
				CLANG_WARN_ENUM_CONVERSION = YES;
				CLANG_WARN_INT_CONVERSION = YES;
				CLANG_WARN_OBJC_ROOT_CLASS = YES_ERROR;
				CLANG_WARN_UNREACHABLE_CODE = YES;
				CLANG_WARN__DUPLICATE_METHOD_MATCH = YES;
				"CODE_SIGN_IDENTITY[sdk=iphoneos*]" = "iPhone Developer";
				COPY_PHASE_STRIP = NO;
				DEBUG_INFORMATION_FORMAT = "dwarf-with-dsym";
				ENABLE_STRICT_OBJC_MSGSEND = YES;
				GCC_C_LANGUAGE_STANDARD = gnu99;
				GCC_DYNAMIC_NO_PIC = NO;
				GCC_NO_COMMON_BLOCKS = YES;
				GCC_OPTIMIZATION_LEVEL = 0;
				GCC_PREPROCESSOR_DEFINITIONS = (
					"DEBUG=1",
					"$(inherited)",
				);
				GCC_SYMBOLS_PRIVATE_EXTERN = NO;
				GCC_WARN_64_TO_32_BIT_CONVERSION = YES;
				GCC_WARN_ABOUT_RETURN_TYPE = YES_ERROR;
				GCC_WARN_UNDECLARED_SELECTOR = YES;
				GCC_WARN_UNINITIALIZED_AUTOS = YES_AGGRESSIVE;
				GCC_WARN_UNUSED_FUNCTION = YES;
				GCC_WARN_UNUSED_VARIABLE = YES;
				IPHONEOS_DEPLOYMENT_TARGET = 8.4;
				MTL_ENABLE_DEBUG_INFO = YES;
				ONLY_ACTIVE_ARCH = YES;
				SDKROOT = iphoneos;
				TARGETED_DEVICE_FAMILY = "1,2";
			};
			name = Debug;
		};
		A14989B01B564DEA006226BC /* Release */ = {
			isa = XCBuildConfiguration;
			buildSettings = {
				ALWAYS_SEARCH_USER_PATHS = NO;
				CLANG_CXX_LANGUAGE_STANDARD = "gnu++0x";
				CLANG_CXX_LIBRARY = "libc++";
				CLANG_ENABLE_MODULES = YES;
				CLANG_ENABLE_OBJC_ARC = YES;
				CLANG_WARN_BOOL_CONVERSION = YES;
				CLANG_WARN_CONSTANT_CONVERSION = YES;
				CLANG_WARN_DIRECT_OBJC_ISA_USAGE = YES_ERROR;
				CLANG_WARN_EMPTY_BODY = YES;
				CLANG_WARN_ENUM_CONVERSION = YES;
				CLANG_WARN_INT_CONVERSION = YES;
				CLANG_WARN_OBJC_ROOT_CLASS = YES_ERROR;
				CLANG_WARN_UNREACHABLE_CODE = YES;
				CLANG_WARN__DUPLICATE_METHOD_MATCH = YES;
				"CODE_SIGN_IDENTITY[sdk=iphoneos*]" = "iPhone Developer";
				COPY_PHASE_STRIP = NO;
				DEBUG_INFORMATION_FORMAT = "dwarf-with-dsym";
				ENABLE_NS_ASSERTIONS = NO;
				ENABLE_STRICT_OBJC_MSGSEND = YES;
				GCC_C_LANGUAGE_STANDARD = gnu99;
				GCC_NO_COMMON_BLOCKS = YES;
				GCC_WARN_64_TO_32_BIT_CONVERSION = YES;
				GCC_WARN_ABOUT_RETURN_TYPE = YES_ERROR;
				GCC_WARN_UNDECLARED_SELECTOR = YES;
				GCC_WARN_UNINITIALIZED_AUTOS = YES_AGGRESSIVE;
				GCC_WARN_UNUSED_FUNCTION = YES;
				GCC_WARN_UNUSED_VARIABLE = YES;
				IPHONEOS_DEPLOYMENT_TARGET = 8.4;
				MTL_ENABLE_DEBUG_INFO = NO;
				SDKROOT = iphoneos;
				TARGETED_DEVICE_FAMILY = "1,2";
				VALIDATE_PRODUCT = YES;
			};
			name = Release;
		};
		A14989B21B564DEA006226BC /* Debug */ = {
			isa = XCBuildConfiguration;
			buildSettings = {
				ASSETCATALOG_COMPILER_APPICON_NAME = AppIcon;
				INFOPLIST_FILE = test/Info.plist;
				LD_RUNPATH_SEARCH_PATHS = "$(inherited) @executable_path/Frameworks";
				PRODUCT_NAME = "$(TARGET_NAME)";
			};
			name = Debug;
		};
		A14989B31B564DEA006226BC /* Release */ = {
			isa = XCBuildConfiguration;
			buildSettings = {
				ASSETCATALOG_COMPILER_APPICON_NAME = AppIcon;
				INFOPLIST_FILE = test/Info.plist;
				LD_RUNPATH_SEARCH_PATHS = "$(inherited) @executable_path/Frameworks";
				PRODUCT_NAME = "$(TARGET_NAME)";
			};
			name = Release;
		};
		A14989B51B564DEA006226BC /* Debug */ = {
			isa = XCBuildConfiguration;
			buildSettings = {
				BUNDLE_LOADER = "$(TEST_HOST)";
				FRAMEWORK_SEARCH_PATHS = (
					"$(SDKROOT)/Developer/Library/Frameworks",
					"$(inherited)",
				);
				GCC_PREPROCESSOR_DEFINITIONS = (
					"DEBUG=1",
					"$(inherited)",
				);
				INFOPLIST_FILE = testTests/Info.plist;
				LD_RUNPATH_SEARCH_PATHS = "$(inherited) @executable_path/Frameworks @loader_path/Frameworks";
				PRODUCT_NAME = "$(TARGET_NAME)";
				TEST_HOST = "$(BUILT_PRODUCTS_DIR)/test.app/test";
			};
			name = Debug;
		};
		A14989B61B564DEA006226BC /* Release */ = {
			isa = XCBuildConfiguration;
			buildSettings = {
				BUNDLE_LOADER = "$(TEST_HOST)";
				FRAMEWORK_SEARCH_PATHS = (
					"$(SDKROOT)/Developer/Library/Frameworks",
					"$(inherited)",
				);
				INFOPLIST_FILE = testTests/Info.plist;
				LD_RUNPATH_SEARCH_PATHS = "$(inherited) @executable_path/Frameworks @loader_path/Frameworks";
				PRODUCT_NAME = "$(TARGET_NAME)";
				TEST_HOST = "$(BUILT_PRODUCTS_DIR)/test.app/test";
			};
			name = Release;
		};
/* End XCBuildConfiguration section */

/* Begin XCConfigurationList section */
		A14989891B564DEA006226BC /* Build configuration list for PBXProject "test" */ = {
			isa = XCConfigurationList;
			buildConfigurations = (
				A14989AF1B564DEA006226BC /* Debug */,
				A14989B01B564DEA006226BC /* Release */,
			);
			defaultConfigurationIsVisible = 0;
			defaultConfigurationName = Release;
		};
		A14989B11B564DEA006226BC /* Build configuration list for PBXNativeTarget "test" */ = {
			isa = XCConfigurationList;
			buildConfigurations = (
				A14989B21B564DEA006226BC /* Debug */,
				A14989B31B564DEA006226BC /* Release */,
			);
			defaultConfigurationIsVisible = 0;
		};
		A14989B41B564DEA006226BC /* Build configuration list for PBXNativeTarget "testTests" */ = {
			isa = XCConfigurationList;
			buildConfigurations = (
				A14989B51B564DEA006226BC /* Debug */,
				A14989B61B564DEA006226BC /* Release */,
			);
			defaultConfigurationIsVisible = 0;
		};
/* End XCConfigurationList section */
	};
	rootObject = A14989861B564DEA006226BC /* Project object */;
}
